
Microsoft Visual Studio Solution File, Format Version 12.00
# Visual Studio Version 17
VisualStudioVersion = 17.14.36623.8 d17.14
MinimumVisualStudioVersion = 10.0.40219.1
Project("{FAE04EC0-301F-11D3-BF4B-00C04F79EFBC}") = "gevorkyan_oopp_lab5", "gevorkyan_oopp_lab5\gevorkyan_oopp_lab5.csproj", "{C6702C12-3980-49BB-9125-D16C929D6742}"
EndProject
Global
	GlobalSection(SolutionConfigurationPlatforms) = preSolution
		Debug|Any CPU = Debug|Any CPU
		Release|Any CPU = Release|Any CPU
	EndGlobalSection
	GlobalSection(ProjectConfigurationPlatforms) = postSolution
		{C6702C12-3980-49BB-9125-D16C929D6742}.Debug|Any CPU.ActiveCfg = Debug|Any CPU
		{C6702C12-3980-49BB-9125-D16C929D6742}.Debug|Any CPU.Build.0 = Debug|Any CPU
		{C6702C12-3980-49BB-9125-D16C929D6742}.Release|Any CPU.ActiveCfg = Release|Any CPU
		{C6702C12-3980-49BB-9125-D16C929D6742}.Release|Any CPU.Build.0 = Release|Any CPU
	EndGlobalSection
	GlobalSection(SolutionProperties) = preSolution
		HideSolutionNode = FALSE
	EndGlobalSection
	GlobalSection(ExtensibilityGlobals) = postSolution
		SolutionGuid = {1A63E3E8-5DD1-4CD8-A5F2-758969955276}
	EndGlobalSection
EndGlobal
